
Microsoft Visual Studio Solution File, Format Version 12.00
# Visual Studio Version 17
VisualStudioVersion = 17.7.34024.191
MinimumVisualStudioVersion = 10.0.40219.1
Project("{FAE04EC0-301F-11D3-BF4B-00C04F79EFBC}") = "csharp-cibi-preferiti", "csharp-cibi-preferiti\csharp-cibi-preferiti.csproj", "{324E37B6-43B9-40C9-A4FA-635D6BA18A7F}"
EndProject
Global
	GlobalSection(SolutionConfigurationPlatforms) = preSolution
		Debug|Any CPU = Debug|Any CPU
		Release|Any CPU = Release|Any CPU
	EndGlobalSection
	GlobalSection(ProjectConfigurationPlatforms) = postSolution
		{324E37B6-43B9-40C9-A4FA-635D6BA18A7F}.Debug|Any CPU.ActiveCfg = Debug|Any CPU
		{324E37B6-43B9-40C9-A4FA-635D6BA18A7F}.Debug|Any CPU.Build.0 = Debug|Any CPU
		{324E37B6-43B9-40C9-A4FA-635D6BA18A7F}.Release|Any CPU.ActiveCfg = Release|Any CPU
		{324E37B6-43B9-40C9-A4FA-635D6BA18A7F}.Release|Any CPU.Build.0 = Release|Any CPU
	EndGlobalSection
	GlobalSection(SolutionProperties) = preSolution
		HideSolutionNode = FALSE
	EndGlobalSection
	GlobalSection(ExtensibilityGlobals) = postSolution
		SolutionGuid = {60469B2D-6893-443A-90A7-FC3832B51CE2}
	EndGlobalSection
EndGlobal
